{
  "name": "Sync Interview",
  "version": "1.0.0",
  "lockfileVersion": 1,
  "requires": true,
  "dependencies": {
    "async": {
      "version": "0.2.10",
      "resolved": "https://registry.npmjs.org/async/-/async-0.2.10.tgz",
      "integrity": "sha1-trvgsGdLnXGXCMo43owjfLUmw9E="
    },
    "await-the": {
      "version": "4.3.1",
      "resolved": "https://registry.npmjs.org/await-the/-/await-the-4.3.1.tgz",
      "integrity": "sha512-Kq16zeCmMCq1eM6NsG6a1cmUtf7ywJl3G88G8gqq0GvvtwBGQNtSiMgUQiypaA1J1u4CgolO7jyDr9O7A/QhEg==",
      "requires": {
        "lodash": "^4.17.15",
        "p-do-whilst": "^0.1.0",
        "p-times": "^1.0.1",
        "p-waterfall": "^1.0.0",
        "p-whilst": "^1.0.0"
      }
    },
    "binary-search-tree": {
      "version": "0.2.5",
      "resolved": "https://registry.npmjs.org/binary-search-tree/-/binary-search-tree-0.2.5.tgz",
      "integrity": "sha1-fbs7IQ/coIJFDa0jNMMErzm9x4Q=",
      "requires": {
        "underscore": "~1.4.4"
      }
    },
    "immediate": {
      "version": "3.0.6",
      "resolved": "https://registry.npmjs.org/immediate/-/immediate-3.0.6.tgz",
      "integrity": "sha1-nbHb0Pr43m++D13V5Wu2BigN5ps="
    },
    "lie": {
      "version": "3.1.1",
      "resolved": "https://registry.npmjs.org/lie/-/lie-3.1.1.tgz",
      "integrity": "sha1-mkNrLMd0bKWd56QfpGmz77dr2H4=",
      "requires": {
        "immediate": "~3.0.5"
      }
    },
    "localforage": {
      "version": "1.7.4",
      "resolved": "https://registry.npmjs.org/localforage/-/localforage-1.7.4.tgz",
      "integrity": "sha512-3EmVZatmNVeCo/t6Te7P06h2alGwbq8wXlSkcSXMvDE2/edPmsVqTPlzGnZaqwZZDBs6v+kxWpqjVsqsNJT8jA==",
      "requires": {
        "lie": "3.1.1"
      }
    },
    "lodash": {
      "version": "4.17.15",
      "resolved": "https://registry.npmjs.org/lodash/-/lodash-4.17.15.tgz",
      "integrity": "sha512-8xOcRHvCjnocdS5cpwXQXVzmmh5e5+saE2QGoeQmbKmRS6J3VQppPOIt0MnmE+4xlZoumy0GPG0D0MVIQbNA1A=="
    },
    "minimist": {
      "version": "1.2.5",
      "resolved": "https://registry.npmjs.org/minimist/-/minimist-1.2.5.tgz",
      "integrity": "sha512-FM9nNUYrRBAELZQT3xeZQ7fmMOBg6nWNmJKTcgsJeaLstP/UODVpGsr5OhXhhXg6f+qtJ8uiZ+PUxkDWcgIXLw=="
    },
    "mkdirp": {
      "version": "0.5.5",
      "resolved": "https://registry.npmjs.org/mkdirp/-/mkdirp-0.5.5.tgz",
      "integrity": "sha512-NKmAlESf6jMGym1++R0Ra7wvhV+wFW63FaSOFPwRahvea0gMUcGUhVeAg/0BC0wiv9ih5NYPB1Wn1UEI1/L+xQ==",
      "requires": {
        "minimist": "^1.2.5"
      }
    },
    "nedb": {
      "version": "1.8.0",
      "resolved": "https://registry.npmjs.org/nedb/-/nedb-1.8.0.tgz",
      "integrity": "sha1-DjUCzYLABNU1WkPJ5VV3vXvZHYg=",
      "requires": {
        "async": "0.2.10",
        "binary-search-tree": "0.2.5",
        "localforage": "^1.3.0",
        "mkdirp": "~0.5.1",
        "underscore": "~1.4.4"
      }
    },
    "nedb-promises": {
      "version": "4.0.3",
      "resolved": "https://registry.npmjs.org/nedb-promises/-/nedb-promises-4.0.3.tgz",
      "integrity": "sha512-NzepLVjy/Vgl5lvlhO6nze2O4GsPUroONP97fRZKPlIbjt6dV7Y5CXMmPQBI6H3Q6whG8kubFOQXJkMAXIUF3w==",
      "requires": {
        "nedb": "^1.8.0"
      }
    },
    "p-do-whilst": {
      "version": "0.1.0",
      "resolved": "https://registry.npmjs.org/p-do-whilst/-/p-do-whilst-0.1.0.tgz",
      "integrity": "sha1-0/IJ9to6xuMZVRDF7DwT37Hd7s0="
    },
    "p-map": {
      "version": "1.2.0",
      "resolved": "https://registry.npmjs.org/p-map/-/p-map-1.2.0.tgz",
      "integrity": "sha512-r6zKACMNhjPJMTl8KcFH4li//gkrXWfbD6feV8l6doRHlzljFWGJ2AP6iKaCJXyZmAUMOPtvbW7EXkbWO/pLEA=="
    },
    "p-reduce": {
      "version": "1.0.0",
      "resolved": "https://registry.npmjs.org/p-reduce/-/p-reduce-1.0.0.tgz",
      "integrity": "sha1-GMKw3ZNqRpClKfgjH1ig/bakffo="
    },
    "p-times": {
      "version": "1.0.1",
      "resolved": "https://registry.npmjs.org/p-times/-/p-times-1.0.1.tgz",
      "integrity": "sha1-RCFHLxyyRpJKZu8w/FyBAZC4nBk=",
      "requires": {
        "p-map": "^1.0.0"
      }
    },
    "p-waterfall": {
      "version": "1.0.0",
      "resolved": "https://registry.npmjs.org/p-waterfall/-/p-waterfall-1.0.0.tgz",
      "integrity": "sha1-ftlLPOszMngjU69qrhGqn8I1uwA=",
      "requires": {
        "p-reduce": "^1.0.0"
      }
    },
    "p-whilst": {
      "version": "1.0.0",
      "resolved": "https://registry.npmjs.org/p-whilst/-/p-whilst-1.0.0.tgz",
      "integrity": "sha1-VGaOrX+TR5n8APHlIw/Wrd645+Y="
    },
    "underscore": {
      "version": "1.4.4",
      "resolved": "https://registry.npmjs.org/underscore/-/underscore-1.4.4.tgz",
      "integrity": "sha1-YaajIBBiKvoHljvzJSA88SI51gQ="
    }
  }
}
